// !$*UTF8*$!
{
	archiveVersion = 1;
	classes = {
	};
	objectVersion = 46;
	objects = {

/* Begin PBXBuildFile section */
		AA2726621411886500FE0A43 /* ActorKit.h in Headers */ = {isa = PBXBuildFile; fileRef = AABB5DA5140E0C220020BA06 /* ActorKit.h */; settings = {ATTRIBUTES = (Public, ); }; };
		AA2FB4A2141F533C00E57E01 /* ActorProxy.h in Headers */ = {isa = PBXBuildFile; fileRef = AA2FB49E141F533C00E57E01 /* ActorProxy.h */; settings = {ATTRIBUTES = (Public, ); }; };
		AA2FB4A3141F533C00E57E01 /* ActorProxy.m in Sources */ = {isa = PBXBuildFile; fileRef = AA2FB49F141F533C00E57E01 /* ActorProxy.m */; };
		AA2FB4A4141F533C00E57E01 /* FutureProxy.h in Headers */ = {isa = PBXBuildFile; fileRef = AA2FB4A0141F533C00E57E01 /* FutureProxy.h */; settings = {ATTRIBUTES = (Public, ); }; };
		AA2FB4A5141F533C00E57E01 /* FutureProxy.m in Sources */ = {isa = PBXBuildFile; fileRef = AA2FB4A1141F533C00E57E01 /* FutureProxy.m */; };
		AA2FB4A9141F5EB700E57E01 /* NSObject+Actor.h in Headers */ = {isa = PBXBuildFile; fileRef = AA2FB4A7141F5EB700E57E01 /* NSObject+Actor.h */; settings = {ATTRIBUTES = (Public, ); }; };
		AA2FB4AA141F5EB700E57E01 /* NSObject+Actor.m in Sources */ = {isa = PBXBuildFile; fileRef = AA2FB4A8141F5EB700E57E01 /* NSObject+Actor.m */; };
		AA2FB4AC141FF34200E57E01 /* README.txt in Resources */ = {isa = PBXBuildFile; fileRef = AA2FB4AB141FF34200E57E01 /* README.txt */; };
		AA300E071420649100A63289 /* SyncProxy.h in Headers */ = {isa = PBXBuildFile; fileRef = AA300E051420649100A63289 /* SyncProxy.h */; settings = {ATTRIBUTES = (Public, ); }; };
		AA300E081420649100A63289 /* SyncProxy.m in Sources */ = {isa = PBXBuildFile; fileRef = AA300E061420649100A63289 /* SyncProxy.m */; };
		AA9A97881419785000A2994E /* NSThread+Actor.h in Headers */ = {isa = PBXBuildFile; fileRef = AA9A97861419785000A2994E /* NSThread+Actor.h */; settings = {ATTRIBUTES = (Public, ); }; };
		AA9A97891419785000A2994E /* NSThread+Actor.m in Sources */ = {isa = PBXBuildFile; fileRef = AA9A97871419785000A2994E /* NSThread+Actor.m */; };
		AABB5D99140E0C220020BA06 /* Cocoa.framework in Frameworks */ = {isa = PBXBuildFile; fileRef = AABB5D98140E0C220020BA06 /* Cocoa.framework */; };
		AABB5DA3140E0C220020BA06 /* InfoPlist.strings in Resources */ = {isa = PBXBuildFile; fileRef = AABB5DA1140E0C220020BA06 /* InfoPlist.strings */; };
		AABB5DE2140EF4090020BA06 /* bsd_license.txt in Resources */ = {isa = PBXBuildFile; fileRef = AABB5DE1140EF4090020BA06 /* bsd_license.txt */; };
		AABB5DF2140F196E0020BA06 /* IOKit.framework in Frameworks */ = {isa = PBXBuildFile; fileRef = AABB5DF1140F196E0020BA06 /* IOKit.framework */; };
		AAD00991141F0ED200566C36 /* Mutex.h in Headers */ = {isa = PBXBuildFile; fileRef = AAD0098F141F0ED200566C36 /* Mutex.h */; settings = {ATTRIBUTES = (Public, ); }; };
		AAD00992141F0ED200566C36 /* Mutex.m in Sources */ = {isa = PBXBuildFile; fileRef = AAD00990141F0ED200566C36 /* Mutex.m */; };
/* End PBXBuildFile section */

/* Begin PBXFileReference section */
		AA2FB49E141F533C00E57E01 /* ActorProxy.h */ = {isa = PBXFileReference; fileEncoding = 4; lastKnownFileType = sourcecode.c.h; path = ActorProxy.h; sourceTree = "<group>"; };
		AA2FB49F141F533C00E57E01 /* ActorProxy.m */ = {isa = PBXFileReference; fileEncoding = 4; lastKnownFileType = sourcecode.c.objc; path = ActorProxy.m; sourceTree = "<group>"; };
		AA2FB4A0141F533C00E57E01 /* FutureProxy.h */ = {isa = PBXFileReference; fileEncoding = 4; lastKnownFileType = sourcecode.c.h; path = FutureProxy.h; sourceTree = "<group>"; };
		AA2FB4A1141F533C00E57E01 /* FutureProxy.m */ = {isa = PBXFileReference; fileEncoding = 4; lastKnownFileType = sourcecode.c.objc; path = FutureProxy.m; sourceTree = "<group>"; };
		AA2FB4A7141F5EB700E57E01 /* NSObject+Actor.h */ = {isa = PBXFileReference; fileEncoding = 4; lastKnownFileType = sourcecode.c.h; path = "NSObject+Actor.h"; sourceTree = "<group>"; };
		AA2FB4A8141F5EB700E57E01 /* NSObject+Actor.m */ = {isa = PBXFileReference; fileEncoding = 4; lastKnownFileType = sourcecode.c.objc; path = "NSObject+Actor.m"; sourceTree = "<group>"; };
		AA2FB4AB141FF34200E57E01 /* README.txt */ = {isa = PBXFileReference; fileEncoding = 4; lastKnownFileType = text; path = README.txt; sourceTree = SOURCE_ROOT; };
		AA300E051420649100A63289 /* SyncProxy.h */ = {isa = PBXFileReference; fileEncoding = 4; lastKnownFileType = sourcecode.c.h; path = SyncProxy.h; sourceTree = "<group>"; };
		AA300E061420649100A63289 /* SyncProxy.m */ = {isa = PBXFileReference; fileEncoding = 4; lastKnownFileType = sourcecode.c.objc; path = SyncProxy.m; sourceTree = "<group>"; };
		AA9A97861419785000A2994E /* NSThread+Actor.h */ = {isa = PBXFileReference; fileEncoding = 4; lastKnownFileType = sourcecode.c.h; path = "NSThread+Actor.h"; sourceTree = "<group>"; };
		AA9A97871419785000A2994E /* NSThread+Actor.m */ = {isa = PBXFileReference; fileEncoding = 4; lastKnownFileType = sourcecode.c.objc; path = "NSThread+Actor.m"; sourceTree = "<group>"; };
		AABB5D95140E0C220020BA06 /* ActorKit.framework */ = {isa = PBXFileReference; explicitFileType = wrapper.framework; includeInIndex = 0; path = ActorKit.framework; sourceTree = BUILT_PRODUCTS_DIR; };
		AABB5D98140E0C220020BA06 /* Cocoa.framework */ = {isa = PBXFileReference; lastKnownFileType = wrapper.framework; name = Cocoa.framework; path = System/Library/Frameworks/Cocoa.framework; sourceTree = SDKROOT; };
		AABB5D9B140E0C220020BA06 /* AppKit.framework */ = {isa = PBXFileReference; lastKnownFileType = wrapper.framework; name = AppKit.framework; path = System/Library/Frameworks/AppKit.framework; sourceTree = SDKROOT; };
		AABB5D9C140E0C220020BA06 /* CoreData.framework */ = {isa = PBXFileReference; lastKnownFileType = wrapper.framework; name = CoreData.framework; path = System/Library/Frameworks/CoreData.framework; sourceTree = SDKROOT; };
		AABB5D9D140E0C220020BA06 /* Foundation.framework */ = {isa = PBXFileReference; lastKnownFileType = wrapper.framework; name = Foundation.framework; path = System/Library/Frameworks/Foundation.framework; sourceTree = SDKROOT; };
		AABB5DA0140E0C220020BA06 /* ActorKit-Info.plist */ = {isa = PBXFileReference; lastKnownFileType = text.plist.xml; path = "ActorKit-Info.plist"; sourceTree = "<group>"; };
		AABB5DA2140E0C220020BA06 /* en */ = {isa = PBXFileReference; lastKnownFileType = text.plist.strings; name = en; path = en.lproj/InfoPlist.strings; sourceTree = "<group>"; };
		AABB5DA4140E0C220020BA06 /* ActorKit-Prefix.pch */ = {isa = PBXFileReference; lastKnownFileType = sourcecode.c.h; path = "ActorKit-Prefix.pch"; sourceTree = "<group>"; };
		AABB5DA5140E0C220020BA06 /* ActorKit.h */ = {isa = PBXFileReference; lastKnownFileType = sourcecode.c.h; path = ActorKit.h; sourceTree = "<group>"; };
		AABB5DE1140EF4090020BA06 /* bsd_license.txt */ = {isa = PBXFileReference; fileEncoding = 4; lastKnownFileType = text; name = bsd_license.txt; path = license/bsd_license.txt; sourceTree = SOURCE_ROOT; };
		AABB5DF1140F196E0020BA06 /* IOKit.framework */ = {isa = PBXFileReference; lastKnownFileType = wrapper.framework; name = IOKit.framework; path = System/Library/Frameworks/IOKit.framework; sourceTree = SDKROOT; };
		AAD0098F141F0ED200566C36 /* Mutex.h */ = {isa = PBXFileReference; fileEncoding = 4; lastKnownFileType = sourcecode.c.h; path = Mutex.h; sourceTree = "<group>"; };
		AAD00990141F0ED200566C36 /* Mutex.m */ = {isa = PBXFileReference; fileEncoding = 4; lastKnownFileType = sourcecode.c.objc; path = Mutex.m; sourceTree = "<group>"; };
/* End PBXFileReference section */

/* Begin PBXFrameworksBuildPhase section */
		AABB5D91140E0C220020BA06 /* Frameworks */ = {
			isa = PBXFrameworksBuildPhase;
			buildActionMask = 2147483647;
			files = (
				AABB5DF2140F196E0020BA06 /* IOKit.framework in Frameworks */,
				AABB5D99140E0C220020BA06 /* Cocoa.framework in Frameworks */,
			);
			runOnlyForDeploymentPostprocessing = 0;
		};
/* End PBXFrameworksBuildPhase section */

/* Begin PBXGroup section */
		AABB5D89140E0C220020BA06 = {
			isa = PBXGroup;
			children = (
				AABB5DF1140F196E0020BA06 /* IOKit.framework */,
				AABB5D9E140E0C220020BA06 /* ActorKit */,
				AABB5D97140E0C220020BA06 /* Frameworks */,
				AABB5D96140E0C220020BA06 /* Products */,
			);
			sourceTree = "<group>";
		};
		AABB5D96140E0C220020BA06 /* Products */ = {
			isa = PBXGroup;
			children = (
				AABB5D95140E0C220020BA06 /* ActorKit.framework */,
			);
			name = Products;
			sourceTree = "<group>";
		};
		AABB5D97140E0C220020BA06 /* Frameworks */ = {
			isa = PBXGroup;
			children = (
				AABB5D98140E0C220020BA06 /* Cocoa.framework */,
				AABB5D9A140E0C220020BA06 /* Other Frameworks */,
			);
			name = Frameworks;
			sourceTree = "<group>";
		};
		AABB5D9A140E0C220020BA06 /* Other Frameworks */ = {
			isa = PBXGroup;
			children = (
				AABB5D9B140E0C220020BA06 /* AppKit.framework */,
				AABB5D9C140E0C220020BA06 /* CoreData.framework */,
				AABB5D9D140E0C220020BA06 /* Foundation.framework */,
			);
			name = "Other Frameworks";
			sourceTree = "<group>";
		};
		AABB5D9E140E0C220020BA06 /* ActorKit */ = {
			isa = PBXGroup;
			children = (
				AABB5DA5140E0C220020BA06 /* ActorKit.h */,
				AA2FB49E141F533C00E57E01 /* ActorProxy.h */,
				AA2FB49F141F533C00E57E01 /* ActorProxy.m */,
				AA2FB4A0141F533C00E57E01 /* FutureProxy.h */,
				AA2FB4A1141F533C00E57E01 /* FutureProxy.m */,
				AAD0098F141F0ED200566C36 /* Mutex.h */,
				AAD00990141F0ED200566C36 /* Mutex.m */,
				AA2FB4A7141F5EB700E57E01 /* NSObject+Actor.h */,
				AA2FB4A8141F5EB700E57E01 /* NSObject+Actor.m */,
				AA9A97861419785000A2994E /* NSThread+Actor.h */,
				AA9A97871419785000A2994E /* NSThread+Actor.m */,
				AA300E051420649100A63289 /* SyncProxy.h */,
				AA300E061420649100A63289 /* SyncProxy.m */,
				AABB5D9F140E0C220020BA06 /* Supporting Files */,
			);
			path = ActorKit;
			sourceTree = "<group>";
		};
		AABB5D9F140E0C220020BA06 /* Supporting Files */ = {
			isa = PBXGroup;
			children = (
				AA2FB4AB141FF34200E57E01 /* README.txt */,
				AABB5DE1140EF4090020BA06 /* bsd_license.txt */,
				AABB5DA0140E0C220020BA06 /* ActorKit-Info.plist */,
				AABB5DA1140E0C220020BA06 /* InfoPlist.strings */,
				AABB5DA4140E0C220020BA06 /* ActorKit-Prefix.pch */,
			);
			name = "Supporting Files";
			sourceTree = "<group>";
		};
/* End PBXGroup section */

/* Begin PBXHeadersBuildPhase section */
		AABB5D92140E0C220020BA06 /* Headers */ = {
			isa = PBXHeadersBuildPhase;
			buildActionMask = 2147483647;
			files = (
				AA2726621411886500FE0A43 /* ActorKit.h in Headers */,
				AAD00991141F0ED200566C36 /* Mutex.h in Headers */,
				AA2FB4A2141F533C00E57E01 /* ActorProxy.h in Headers */,
				AA2FB4A4141F533C00E57E01 /* FutureProxy.h in Headers */,
				AA2FB4A9141F5EB700E57E01 /* NSObject+Actor.h in Headers */,
				AA9A97881419785000A2994E /* NSThread+Actor.h in Headers */,
				AA300E071420649100A63289 /* SyncProxy.h in Headers */,
			);
			runOnlyForDeploymentPostprocessing = 0;
		};
/* End PBXHeadersBuildPhase section */

/* Begin PBXNativeTarget section */
		AABB5D94140E0C220020BA06 /* ActorKit */ = {
			isa = PBXNativeTarget;
			buildConfigurationList = AABB5DAA140E0C220020BA06 /* Build configuration list for PBXNativeTarget "ActorKit" */;
			buildPhases = (
				AABB5D90140E0C220020BA06 /* Sources */,
				AABB5D91140E0C220020BA06 /* Frameworks */,
				AABB5D92140E0C220020BA06 /* Headers */,
				AABB5D93140E0C220020BA06 /* Resources */,
			);
			buildRules = (
			);
			dependencies = (
			);
			name = ActorKit;
			productName = ActorKit;
			productReference = AABB5D95140E0C220020BA06 /* ActorKit.framework */;
			productType = "com.apple.product-type.framework";
		};
/* End PBXNativeTarget section */

/* Begin PBXProject section */
		AABB5D8B140E0C220020BA06 /* Project object */ = {
			isa = PBXProject;
			buildConfigurationList = AABB5D8E140E0C220020BA06 /* Build configuration list for PBXProject "ActorKit" */;
			compatibilityVersion = "Xcode 3.2";
			developmentRegion = English;
			hasScannedForEncodings = 0;
			knownRegions = (
				en,
			);
			mainGroup = AABB5D89140E0C220020BA06;
			productRefGroup = AABB5D96140E0C220020BA06 /* Products */;
			projectDirPath = "";
			projectRoot = "";
			targets = (
				AABB5D94140E0C220020BA06 /* ActorKit */,
			);
		};
/* End PBXProject section */

/* Begin PBXResourcesBuildPhase section */
		AABB5D93140E0C220020BA06 /* Resources */ = {
			isa = PBXResourcesBuildPhase;
			buildActionMask = 2147483647;
			files = (
				AABB5DA3140E0C220020BA06 /* InfoPlist.strings in Resources */,
				AABB5DE2140EF4090020BA06 /* bsd_license.txt in Resources */,
				AA2FB4AC141FF34200E57E01 /* README.txt in Resources */,
			);
			runOnlyForDeploymentPostprocessing = 0;
		};
/* End PBXResourcesBuildPhase section */

/* Begin PBXSourcesBuildPhase section */
		AABB5D90140E0C220020BA06 /* Sources */ = {
			isa = PBXSourcesBuildPhase;
			buildActionMask = 2147483647;
			files = (
				AA9A97891419785000A2994E /* NSThread+Actor.m in Sources */,
				AAD00992141F0ED200566C36 /* Mutex.m in Sources */,
				AA2FB4A3141F533C00E57E01 /* ActorProxy.m in Sources */,
				AA2FB4A5141F533C00E57E01 /* FutureProxy.m in Sources */,
				AA2FB4AA141F5EB700E57E01 /* NSObject+Actor.m in Sources */,
				AA300E081420649100A63289 /* SyncProxy.m in Sources */,
			);
			runOnlyForDeploymentPostprocessing = 0;
		};
/* End PBXSourcesBuildPhase section */

/* Begin PBXVariantGroup section */
		AABB5DA1140E0C220020BA06 /* InfoPlist.strings */ = {
			isa = PBXVariantGroup;
			children = (
				AABB5DA2140E0C220020BA06 /* en */,
			);
			name = InfoPlist.strings;
			sourceTree = "<group>";
		};
/* End PBXVariantGroup section */

/* Begin XCBuildConfiguration section */
		AABB5DA8140E0C220020BA06 /* Debug */ = {
			isa = XCBuildConfiguration;
			buildSettings = {
				ALWAYS_SEARCH_USER_PATHS = NO;
				ARCHS = "$(ARCHS_STANDARD_64_BIT)";
				COPY_PHASE_STRIP = NO;
				GCC_C_LANGUAGE_STANDARD = gnu99;
				GCC_DYNAMIC_NO_PIC = NO;
				GCC_ENABLE_OBJC_EXCEPTIONS = YES;
				GCC_OPTIMIZATION_LEVEL = 0;
				GCC_PREPROCESSOR_DEFINITIONS = (
					"DEBUG=1",
					"$(inherited)",
				);
				GCC_SYMBOLS_PRIVATE_EXTERN = NO;
				GCC_VERSION = com.apple.compilers.llvm.clang.1_0;
				GCC_WARN_64_TO_32_BIT_CONVERSION = YES;
				GCC_WARN_ABOUT_MISSING_PROTOTYPES = YES;
				GCC_WARN_ABOUT_RETURN_TYPE = YES;
				GCC_WARN_UNUSED_VARIABLE = YES;
				MACOSX_DEPLOYMENT_TARGET = 10.7;
				ONLY_ACTIVE_ARCH = YES;
				SDKROOT = macosx;
			};
			name = Debug;
		};
		AABB5DA9140E0C220020BA06 /* Release */ = {
			isa = XCBuildConfiguration;
			buildSettings = {
				ALWAYS_SEARCH_USER_PATHS = NO;
				ARCHS = "$(ARCHS_STANDARD_64_BIT)";
				COPY_PHASE_STRIP = YES;
				DEBUG_INFORMATION_FORMAT = "dwarf-with-dsym";
				GCC_C_LANGUAGE_STANDARD = gnu99;
				GCC_ENABLE_OBJC_EXCEPTIONS = YES;
				GCC_VERSION = com.apple.compilers.llvm.clang.1_0;
				GCC_WARN_64_TO_32_BIT_CONVERSION = YES;
				GCC_WARN_ABOUT_MISSING_PROTOTYPES = YES;
				GCC_WARN_ABOUT_RETURN_TYPE = YES;
				GCC_WARN_UNUSED_VARIABLE = YES;
				MACOSX_DEPLOYMENT_TARGET = 10.7;
				SDKROOT = macosx;
			};
			name = Release;
		};
		AABB5DAB140E0C220020BA06 /* Debug */ = {
			isa = XCBuildConfiguration;
			buildSettings = {
				DYLIB_COMPATIBILITY_VERSION = 1;
				DYLIB_CURRENT_VERSION = 1;
				FRAMEWORK_VERSION = A;
				GCC_PRECOMPILE_PREFIX_HEADER = YES;
				GCC_PREFIX_HEADER = "ActorKit/ActorKit-Prefix.pch";
				INFOPLIST_FILE = "ActorKit/ActorKit-Info.plist";
				PRODUCT_NAME = "$(TARGET_NAME)";
				WRAPPER_EXTENSION = framework;
			};
			name = Debug;
		};
		AABB5DAC140E0C220020BA06 /* Release */ = {
			isa = XCBuildConfiguration;
			buildSettings = {
				DYLIB_COMPATIBILITY_VERSION = 1;
				DYLIB_CURRENT_VERSION = 1;
				FRAMEWORK_VERSION = A;
				GCC_PRECOMPILE_PREFIX_HEADER = YES;
				GCC_PREFIX_HEADER = "ActorKit/ActorKit-Prefix.pch";
				INFOPLIST_FILE = "ActorKit/ActorKit-Info.plist";
				PRODUCT_NAME = "$(TARGET_NAME)";
				WRAPPER_EXTENSION = framework;
			};
			name = Release;
		};
/* End XCBuildConfiguration section */

/* Begin XCConfigurationList section */
		AABB5D8E140E0C220020BA06 /* Build configuration list for PBXProject "ActorKit" */ = {
			isa = XCConfigurationList;
			buildConfigurations = (
				AABB5DA8140E0C220020BA06 /* Debug */,
				AABB5DA9140E0C220020BA06 /* Release */,
			);
			defaultConfigurationIsVisible = 0;
			defaultConfigurationName = Release;
		};
		AABB5DAA140E0C220020BA06 /* Build configuration list for PBXNativeTarget "ActorKit" */ = {
			isa = XCConfigurationList;
			buildConfigurations = (
				AABB5DAB140E0C220020BA06 /* Debug */,
				AABB5DAC140E0C220020BA06 /* Release */,
			);
			defaultConfigurationIsVisible = 0;
			defaultConfigurationName = Release;
		};
/* End XCConfigurationList section */
	};
	rootObject = AABB5D8B140E0C220020BA06 /* Project object */;
}
